// !$*UTF8*$!
{
	archiveVersion = 1;
	classes = {
	};
	objectVersion = 48;
	objects = {

/* Begin PBXBuildFile section */
		46DFF3E61FCB0D83001DFB27 /* AppDelegate.swift in Sources */ = {isa = PBXBuildFile; fileRef = 46DFF3E51FCB0D83001DFB27 /* AppDelegate.swift */; };
		46DFF3E81FCB0D83001DFB27 /* ViewController.swift in Sources */ = {isa = PBXBuildFile; fileRef = 46DFF3E71FCB0D83001DFB27 /* ViewController.swift */; };
		46DFF3EB1FCB0D83001DFB27 /* Main.storyboard in Resources */ = {isa = PBXBuildFile; fileRef = 46DFF3E91FCB0D83001DFB27 /* Main.storyboard */; };
		46DFF3ED1FCB0D83001DFB27 /* Assets.xcassets in Resources */ = {isa = PBXBuildFile; fileRef = 46DFF3EC1FCB0D83001DFB27 /* Assets.xcassets */; };
		46DFF3F01FCB0D83001DFB27 /* LaunchScreen.storyboard in Resources */ = {isa = PBXBuildFile; fileRef = 46DFF3EE1FCB0D83001DFB27 /* LaunchScreen.storyboard */; };
		EC4E24D27B59E467AE860A45 /* Pods_FlagsTest.framework in Frameworks */ = {isa = PBXBuildFile; fileRef = E0159DB343E74A6284395BA6 /* Pods_FlagsTest.framework */; };
/* End PBXBuildFile section */

/* Begin PBXFileReference section */
		46DFF3E21FCB0D83001DFB27 /* FlagsTest.app */ = {isa = PBXFileReference; explicitFileType = wrapper.application; includeInIndex = 0; path = FlagsTest.app; sourceTree = BUILT_PRODUCTS_DIR; };
		46DFF3E51FCB0D83001DFB27 /* AppDelegate.swift */ = {isa = PBXFileReference; lastKnownFileType = sourcecode.swift; path = AppDelegate.swift; sourceTree = "<group>"; };
		46DFF3E71FCB0D83001DFB27 /* ViewController.swift */ = {isa = PBXFileReference; lastKnownFileType = sourcecode.swift; path = ViewController.swift; sourceTree = "<group>"; };
		46DFF3EA1FCB0D83001DFB27 /* Base */ = {isa = PBXFileReference; lastKnownFileType = file.storyboard; name = Base; path = Base.lproj/Main.storyboard; sourceTree = "<group>"; };
		46DFF3EC1FCB0D83001DFB27 /* Assets.xcassets */ = {isa = PBXFileReference; lastKnownFileType = folder.assetcatalog; path = Assets.xcassets; sourceTree = "<group>"; };
		46DFF3EF1FCB0D83001DFB27 /* Base */ = {isa = PBXFileReference; lastKnownFileType = file.storyboard; name = Base; path = Base.lproj/LaunchScreen.storyboard; sourceTree = "<group>"; };
		46DFF3F11FCB0D83001DFB27 /* Info.plist */ = {isa = PBXFileReference; lastKnownFileType = text.plist.xml; path = Info.plist; sourceTree = "<group>"; };
		94EC6A999F305B7D4537C45A /* Pods-FlagsTest.release.xcconfig */ = {isa = PBXFileReference; includeInIndex = 1; lastKnownFileType = text.xcconfig; name = "Pods-FlagsTest.release.xcconfig"; path = "Pods/Target Support Files/Pods-FlagsTest/Pods-FlagsTest.release.xcconfig"; sourceTree = "<group>"; };
		E0159DB343E74A6284395BA6 /* Pods_FlagsTest.framework */ = {isa = PBXFileReference; explicitFileType = wrapper.framework; includeInIndex = 0; path = Pods_FlagsTest.framework; sourceTree = BUILT_PRODUCTS_DIR; };
		E0FA6DAF375A62A0851AE44C /* Pods-FlagsTest.debug.xcconfig */ = {isa = PBXFileReference; includeInIndex = 1; lastKnownFileType = text.xcconfig; name = "Pods-FlagsTest.debug.xcconfig"; path = "Pods/Target Support Files/Pods-FlagsTest/Pods-FlagsTest.debug.xcconfig"; sourceTree = "<group>"; };
/* End PBXFileReference section */

/* Begin PBXFrameworksBuildPhase section */
		46DFF3DF1FCB0D83001DFB27 /* Frameworks */ = {
			isa = PBXFrameworksBuildPhase;
			buildActionMask = 2147483647;
			files = (
				EC4E24D27B59E467AE860A45 /* Pods_FlagsTest.framework in Frameworks */,
			);
			runOnlyForDeploymentPostprocessing = 0;
		};
/* End PBXFrameworksBuildPhase section */

/* Begin PBXGroup section */
		26C2168F40B9E10847AB94E9 /* Pods */ = {
			isa = PBXGroup;
			children = (
				E0FA6DAF375A62A0851AE44C /* Pods-FlagsTest.debug.xcconfig */,
				94EC6A999F305B7D4537C45A /* Pods-FlagsTest.release.xcconfig */,
			);
			name = Pods;
			sourceTree = "<group>";
		};
		46DFF3D91FCB0D83001DFB27 = {
			isa = PBXGroup;
			children = (
				46DFF3E41FCB0D83001DFB27 /* FlagsTest */,
				46DFF3E31FCB0D83001DFB27 /* Products */,
				26C2168F40B9E10847AB94E9 /* Pods */,
				D9D3599A76A10DD4F9AF7153 /* Frameworks */,
			);
			sourceTree = "<group>";
		};
		46DFF3E31FCB0D83001DFB27 /* Products */ = {
			isa = PBXGroup;
			children = (
				46DFF3E21FCB0D83001DFB27 /* FlagsTest.app */,
			);
			name = Products;
			sourceTree = "<group>";
		};
		46DFF3E41FCB0D83001DFB27 /* FlagsTest */ = {
			isa = PBXGroup;
			children = (
				46DFF3E51FCB0D83001DFB27 /* AppDelegate.swift */,
				46DFF3E71FCB0D83001DFB27 /* ViewController.swift */,
				46DFF3E91FCB0D83001DFB27 /* Main.storyboard */,
				46DFF3EC1FCB0D83001DFB27 /* Assets.xcassets */,
				46DFF3EE1FCB0D83001DFB27 /* LaunchScreen.storyboard */,
				46DFF3F11FCB0D83001DFB27 /* Info.plist */,
			);
			path = FlagsTest;
			sourceTree = "<group>";
		};
		D9D3599A76A10DD4F9AF7153 /* Frameworks */ = {
			isa = PBXGroup;
			children = (
				E0159DB343E74A6284395BA6 /* Pods_FlagsTest.framework */,
			);
			name = Frameworks;
			sourceTree = "<group>";
		};
/* End PBXGroup section */

/* Begin PBXNativeTarget section */
		46DFF3E11FCB0D83001DFB27 /* FlagsTest */ = {
			isa = PBXNativeTarget;
			buildConfigurationList = 46DFF3F41FCB0D83001DFB27 /* Build configuration list for PBXNativeTarget "FlagsTest" */;
			buildPhases = (
				C2F2BBB3126BB624006A01C6 /* [CP] Check Pods Manifest.lock */,
				46DFF3DE1FCB0D83001DFB27 /* Sources */,
				46DFF3DF1FCB0D83001DFB27 /* Frameworks */,
				46DFF3E01FCB0D83001DFB27 /* Resources */,
				14F4FA7B3C62D5D82202BA7A /* [CP] Embed Pods Frameworks */,
				CD39063934B62B7512DBACB9 /* [CP] Copy Pods Resources */,
			);
			buildRules = (
			);
			dependencies = (
			);
			name = FlagsTest;
			productName = FlagsTest;
			productReference = 46DFF3E21FCB0D83001DFB27 /* FlagsTest.app */;
			productType = "com.apple.product-type.application";
		};
/* End PBXNativeTarget section */

/* Begin PBXProject section */
		46DFF3DA1FCB0D83001DFB27 /* Project object */ = {
			isa = PBXProject;
			attributes = {
				LastSwiftUpdateCheck = 0910;
				LastUpgradeCheck = 0910;
				ORGANIZATIONNAME = "Stefan Puehringer";
				TargetAttributes = {
					46DFF3E11FCB0D83001DFB27 = {
						CreatedOnToolsVersion = 9.1;
						ProvisioningStyle = Automatic;
					};
				};
			};
			buildConfigurationList = 46DFF3DD1FCB0D83001DFB27 /* Build configuration list for PBXProject "FlagsTest" */;
			compatibilityVersion = "Xcode 8.0";
			developmentRegion = en;
			hasScannedForEncodings = 0;
			knownRegions = (
				en,
				Base,
			);
			mainGroup = 46DFF3D91FCB0D83001DFB27;
			productRefGroup = 46DFF3E31FCB0D83001DFB27 /* Products */;
			projectDirPath = "";
			projectRoot = "";
			targets = (
				46DFF3E11FCB0D83001DFB27 /* FlagsTest */,
			);
		};
/* End PBXProject section */

/* Begin PBXResourcesBuildPhase section */
		46DFF3E01FCB0D83001DFB27 /* Resources */ = {
			isa = PBXResourcesBuildPhase;
			buildActionMask = 2147483647;
			files = (
				46DFF3F01FCB0D83001DFB27 /* LaunchScreen.storyboard in Resources */,
				46DFF3ED1FCB0D83001DFB27 /* Assets.xcassets in Resources */,
				46DFF3EB1FCB0D83001DFB27 /* Main.storyboard in Resources */,
			);
			runOnlyForDeploymentPostprocessing = 0;
		};
/* End PBXResourcesBuildPhase section */

/* Begin PBXShellScriptBuildPhase section */
		14F4FA7B3C62D5D82202BA7A /* [CP] Embed Pods Frameworks */ = {
			isa = PBXShellScriptBuildPhase;
			buildActionMask = 2147483647;
			files = (
			);
			inputPaths = (
			);
			name = "[CP] Embed Pods Frameworks";
			outputPaths = (
			);
			runOnlyForDeploymentPostprocessing = 0;
			shellPath = /bin/sh;
			shellScript = "\"${SRCROOT}/Pods/Target Support Files/Pods-FlagsTest/Pods-FlagsTest-frameworks.sh\"\n";
			showEnvVarsInLog = 0;
		};
		C2F2BBB3126BB624006A01C6 /* [CP] Check Pods Manifest.lock */ = {
			isa = PBXShellScriptBuildPhase;
			buildActionMask = 2147483647;
			files = (
			);
			inputPaths = (
				"${PODS_PODFILE_DIR_PATH}/Podfile.lock",
				"${PODS_ROOT}/Manifest.lock",
			);
			name = "[CP] Check Pods Manifest.lock";
			outputPaths = (
				"$(DERIVED_FILE_DIR)/Pods-FlagsTest-checkManifestLockResult.txt",
			);
			runOnlyForDeploymentPostprocessing = 0;
			shellPath = /bin/sh;
			shellScript = "diff \"${PODS_PODFILE_DIR_PATH}/Podfile.lock\" \"${PODS_ROOT}/Manifest.lock\" > /dev/null\nif [ $? != 0 ] ; then\n    # print error to STDERR\n    echo \"error: The sandbox is not in sync with the Podfile.lock. Run 'pod install' or update your CocoaPods installation.\" >&2\n    exit 1\nfi\n# This output is used by Xcode 'outputs' to avoid re-running this script phase.\necho \"SUCCESS\" > \"${SCRIPT_OUTPUT_FILE_0}\"\n";
			showEnvVarsInLog = 0;
		};
		CD39063934B62B7512DBACB9 /* [CP] Copy Pods Resources */ = {
			isa = PBXShellScriptBuildPhase;
			buildActionMask = 2147483647;
			files = (
			);
			inputPaths = (
				"${SRCROOT}/Pods/Target Support Files/Pods-FlagsTest/Pods-FlagsTest-resources.sh",
				"${PODS_ROOT}/FlagKit/Assets/FlagKit.xcassets",
			);
			name = "[CP] Copy Pods Resources";
			outputPaths = (
				"${TARGET_BUILD_DIR}/${UNLOCALIZED_RESOURCES_FOLDER_PATH}",
			);
			runOnlyForDeploymentPostprocessing = 0;
			shellPath = /bin/sh;
			shellScript = "\"${SRCROOT}/Pods/Target Support Files/Pods-FlagsTest/Pods-FlagsTest-resources.sh\"\n";
			showEnvVarsInLog = 0;
		};
/* End PBXShellScriptBuildPhase section */

/* Begin PBXSourcesBuildPhase section */
		46DFF3DE1FCB0D83001DFB27 /* Sources */ = {
			isa = PBXSourcesBuildPhase;
			buildActionMask = 2147483647;
			files = (
				46DFF3E81FCB0D83001DFB27 /* ViewController.swift in Sources */,
				46DFF3E61FCB0D83001DFB27 /* AppDelegate.swift in Sources */,
			);
			runOnlyForDeploymentPostprocessing = 0;
		};
/* End PBXSourcesBuildPhase section */

/* Begin PBXVariantGroup section */
		46DFF3E91FCB0D83001DFB27 /* Main.storyboard */ = {
			isa = PBXVariantGroup;
			children = (
				46DFF3EA1FCB0D83001DFB27 /* Base */,
			);
			name = Main.storyboard;
			sourceTree = "<group>";
		};
		46DFF3EE1FCB0D83001DFB27 /* LaunchScreen.storyboard */ = {
			isa = PBXVariantGroup;
			children = (
				46DFF3EF1FCB0D83001DFB27 /* Base */,
			);
			name = LaunchScreen.storyboard;
			sourceTree = "<group>";
		};
/* End PBXVariantGroup section */

/* Begin XCBuildConfiguration section */
		46DFF3F21FCB0D83001DFB27 /* Debug */ = {
			isa = XCBuildConfiguration;
			buildSettings = {
				ALWAYS_SEARCH_USER_PATHS = NO;
				CLANG_ANALYZER_NONNULL = YES;
				CLANG_ANALYZER_NUMBER_OBJECT_CONVERSION = YES_AGGRESSIVE;
				CLANG_CXX_LANGUAGE_STANDARD = "gnu++14";
				CLANG_CXX_LIBRARY = "libc++";
				CLANG_ENABLE_MODULES = YES;
				CLANG_ENABLE_OBJC_ARC = YES;
				CLANG_WARN_BLOCK_CAPTURE_AUTORELEASING = YES;
				CLANG_WARN_BOOL_CONVERSION = YES;
				CLANG_WARN_COMMA = YES;
				CLANG_WARN_CONSTANT_CONVERSION = YES;
				CLANG_WARN_DIRECT_OBJC_ISA_USAGE = YES_ERROR;
				CLANG_WARN_DOCUMENTATION_COMMENTS = YES;
				CLANG_WARN_EMPTY_BODY = YES;
				CLANG_WARN_ENUM_CONVERSION = YES;
				CLANG_WARN_INFINITE_RECURSION = YES;
				CLANG_WARN_INT_CONVERSION = YES;
				CLANG_WARN_NON_LITERAL_NULL_CONVERSION = YES;
				CLANG_WARN_OBJC_LITERAL_CONVERSION = YES;
				CLANG_WARN_OBJC_ROOT_CLASS = YES_ERROR;
				CLANG_WARN_RANGE_LOOP_ANALYSIS = YES;
				CLANG_WARN_STRICT_PROTOTYPES = YES;
				CLANG_WARN_SUSPICIOUS_MOVE = YES;
				CLANG_WARN_UNGUARDED_AVAILABILITY = YES_AGGRESSIVE;
				CLANG_WARN_UNREACHABLE_CODE = YES;
				CLANG_WARN__DUPLICATE_METHOD_MATCH = YES;
				CODE_SIGN_IDENTITY = "iPhone Developer";
				COPY_PHASE_STRIP = NO;
				DEBUG_INFORMATION_FORMAT = dwarf;
				ENABLE_STRICT_OBJC_MSGSEND = YES;
				ENABLE_TESTABILITY = YES;
				GCC_C_LANGUAGE_STANDARD = gnu11;
				GCC_DYNAMIC_NO_PIC = NO;
				GCC_NO_COMMON_BLOCKS = YES;
				GCC_OPTIMIZATION_LEVEL = 0;
				GCC_PREPROCESSOR_DEFINITIONS = (
					"DEBUG=1",
					"$(inherited)",
				);
				GCC_WARN_64_TO_32_BIT_CONVERSION = YES;
				GCC_WARN_ABOUT_RETURN_TYPE = YES_ERROR;
				GCC_WARN_UNDECLARED_SELECTOR = YES;
				GCC_WARN_UNINITIALIZED_AUTOS = YES_AGGRESSIVE;
				GCC_WARN_UNUSED_FUNCTION = YES;
				GCC_WARN_UNUSED_VARIABLE = YES;
				IPHONEOS_DEPLOYMENT_TARGET = 10.0;
				MTL_ENABLE_DEBUG_INFO = YES;
				ONLY_ACTIVE_ARCH = YES;
				SDKROOT = iphoneos;
				SWIFT_ACTIVE_COMPILATION_CONDITIONS = DEBUG;
				SWIFT_OPTIMIZATION_LEVEL = "-Onone";
			};
			name = Debug;
		};
		46DFF3F31FCB0D83001DFB27 /* Release */ = {
			isa = XCBuildConfiguration;
			buildSettings = {
				ALWAYS_SEARCH_USER_PATHS = NO;
				CLANG_ANALYZER_NONNULL = YES;
				CLANG_ANALYZER_NUMBER_OBJECT_CONVERSION = YES_AGGRESSIVE;
				CLANG_CXX_LANGUAGE_STANDARD = "gnu++14";
				CLANG_CXX_LIBRARY = "libc++";
				CLANG_ENABLE_MODULES = YES;
				CLANG_ENABLE_OBJC_ARC = YES;
				CLANG_WARN_BLOCK_CAPTURE_AUTORELEASING = YES;
				CLANG_WARN_BOOL_CONVERSION = YES;
				CLANG_WARN_COMMA = YES;
				CLANG_WARN_CONSTANT_CONVERSION = YES;
				CLANG_WARN_DIRECT_OBJC_ISA_USAGE = YES_ERROR;
				CLANG_WARN_DOCUMENTATION_COMMENTS = YES;
				CLANG_WARN_EMPTY_BODY = YES;
				CLANG_WARN_ENUM_CONVERSION = YES;
				CLANG_WARN_INFINITE_RECURSION = YES;
				CLANG_WARN_INT_CONVERSION = YES;
				CLANG_WARN_NON_LITERAL_NULL_CONVERSION = YES;
				CLANG_WARN_OBJC_LITERAL_CONVERSION = YES;
				CLANG_WARN_OBJC_ROOT_CLASS = YES_ERROR;
				CLANG_WARN_RANGE_LOOP_ANALYSIS = YES;
				CLANG_WARN_STRICT_PROTOTYPES = YES;
				CLANG_WARN_SUSPICIOUS_MOVE = YES;
				CLANG_WARN_UNGUARDED_AVAILABILITY = YES_AGGRESSIVE;
				CLANG_WARN_UNREACHABLE_CODE = YES;
				CLANG_WARN__DUPLICATE_METHOD_MATCH = YES;
				CODE_SIGN_IDENTITY = "iPhone Developer";
				COPY_PHASE_STRIP = NO;
				DEBUG_INFORMATION_FORMAT = "dwarf-with-dsym";
				ENABLE_NS_ASSERTIONS = NO;
				ENABLE_STRICT_OBJC_MSGSEND = YES;
				GCC_C_LANGUAGE_STANDARD = gnu11;
				GCC_NO_COMMON_BLOCKS = YES;
				GCC_WARN_64_TO_32_BIT_CONVERSION = YES;
				GCC_WARN_ABOUT_RETURN_TYPE = YES_ERROR;
				GCC_WARN_UNDECLARED_SELECTOR = YES;
				GCC_WARN_UNINITIALIZED_AUTOS = YES_AGGRESSIVE;
				GCC_WARN_UNUSED_FUNCTION = YES;
				GCC_WARN_UNUSED_VARIABLE = YES;
				IPHONEOS_DEPLOYMENT_TARGET = 10.0;
				MTL_ENABLE_DEBUG_INFO = NO;
				SDKROOT = iphoneos;
				SWIFT_OPTIMIZATION_LEVEL = "-Owholemodule";
				VALIDATE_PRODUCT = YES;
			};
			name = Release;
		};
		46DFF3F51FCB0D83001DFB27 /* Debug */ = {
			isa = XCBuildConfiguration;
			baseConfigurationReference = E0FA6DAF375A62A0851AE44C /* Pods-FlagsTest.debug.xcconfig */;
			buildSettings = {
				ASSETCATALOG_COMPILER_APPICON_NAME = AppIcon;
				CODE_SIGN_STYLE = Automatic;
				DEVELOPMENT_TEAM = BCSQBUNNTR;
				INFOPLIST_FILE = FlagsTest/Info.plist;
				LD_RUNPATH_SEARCH_PATHS = "$(inherited) @executable_path/Frameworks";
				PRODUCT_BUNDLE_IDENTIFIER = com.stefanpuehringer.FlagsTest;
				PRODUCT_NAME = "$(TARGET_NAME)";
				SWIFT_VERSION = 4.0;
				TARGETED_DEVICE_FAMILY = "1,2";
			};
			name = Debug;
		};
		46DFF3F61FCB0D83001DFB27 /* Release */ = {
			isa = XCBuildConfiguration;
			baseConfigurationReference = 94EC6A999F305B7D4537C45A /* Pods-FlagsTest.release.xcconfig */;
			buildSettings = {
				ASSETCATALOG_COMPILER_APPICON_NAME = AppIcon;
				CODE_SIGN_STYLE = Automatic;
				DEVELOPMENT_TEAM = BCSQBUNNTR;
				INFOPLIST_FILE = FlagsTest/Info.plist;
				LD_RUNPATH_SEARCH_PATHS = "$(inherited) @executable_path/Frameworks";
				PRODUCT_BUNDLE_IDENTIFIER = com.stefanpuehringer.FlagsTest;
				PRODUCT_NAME = "$(TARGET_NAME)";
				SWIFT_VERSION = 4.0;
				TARGETED_DEVICE_FAMILY = "1,2";
			};
			name = Release;
		};
/* End XCBuildConfiguration section */

/* Begin XCConfigurationList section */
		46DFF3DD1FCB0D83001DFB27 /* Build configuration list for PBXProject "FlagsTest" */ = {
			isa = XCConfigurationList;
			buildConfigurations = (
				46DFF3F21FCB0D83001DFB27 /* Debug */,
				46DFF3F31FCB0D83001DFB27 /* Release */,
			);
			defaultConfigurationIsVisible = 0;
			defaultConfigurationName = Release;
		};
		46DFF3F41FCB0D83001DFB27 /* Build configuration list for PBXNativeTarget "FlagsTest" */ = {
			isa = XCConfigurationList;
			buildConfigurations = (
				46DFF3F51FCB0D83001DFB27 /* Debug */,
				46DFF3F61FCB0D83001DFB27 /* Release */,
			);
			defaultConfigurationIsVisible = 0;
			defaultConfigurationName = Release;
		};
/* End XCConfigurationList section */
	};
	rootObject = 46DFF3DA1FCB0D83001DFB27 /* Project object */;
}
